
Microsoft Visual Studio Solution File, Format Version 12.00
# Visual Studio Version 17
VisualStudioVersion = 17.5.33414.496
MinimumVisualStudioVersion = 10.0.40219.1
Project("{FAE04EC0-301F-11D3-BF4B-00C04F79EFBC}") = "InventorySystem", "InventorySystem.csproj", "{22E13E7F-164B-4CA4-B7DF-E329C55B1353}"
EndProject
Global
	GlobalSection(SolutionConfigurationPlatforms) = preSolution
		Debug|Any CPU = Debug|Any CPU
		Release|Any CPU = Release|Any CPU
	EndGlobalSection
	GlobalSection(ProjectConfigurationPlatforms) = postSolution
		{22E13E7F-164B-4CA4-B7DF-E329C55B1353}.Debug|Any CPU.ActiveCfg = Debug|Any CPU
		{22E13E7F-164B-4CA4-B7DF-E329C55B1353}.Debug|Any CPU.Build.0 = Debug|Any CPU
		{22E13E7F-164B-4CA4-B7DF-E329C55B1353}.Release|Any CPU.ActiveCfg = Release|Any CPU
		{22E13E7F-164B-4CA4-B7DF-E329C55B1353}.Release|Any CPU.Build.0 = Release|Any CPU
	EndGlobalSection
	GlobalSection(SolutionProperties) = preSolution
		HideSolutionNode = FALSE
	EndGlobalSection
	GlobalSection(ExtensibilityGlobals) = postSolution
		SolutionGuid = {33724C1C-740E-477E-B59D-F533A551D161}
	EndGlobalSection
EndGlobal
